// !$*UTF8*$!
{
	archiveVersion = 1;
	classes = {
	};
	objectVersion = 48;
	objects = {

/* Begin PBXBuildFile section */
		14E82E7820456767004AA3F8 /* AppDelegate.swift in Sources */ = {isa = PBXBuildFile; fileRef = 14E82E7720456767004AA3F8 /* AppDelegate.swift */; };
		14E82E7A20456767004AA3F8 /* ViewController.swift in Sources */ = {isa = PBXBuildFile; fileRef = 14E82E7920456767004AA3F8 /* ViewController.swift */; };
		14E82E7D20456767004AA3F8 /* Main.storyboard in Resources */ = {isa = PBXBuildFile; fileRef = 14E82E7B20456767004AA3F8 /* Main.storyboard */; };
		14E82E7F20456767004AA3F8 /* Assets.xcassets in Resources */ = {isa = PBXBuildFile; fileRef = 14E82E7E20456767004AA3F8 /* Assets.xcassets */; };
		14E82E8220456767004AA3F8 /* LaunchScreen.storyboard in Resources */ = {isa = PBXBuildFile; fileRef = 14E82E8020456767004AA3F8 /* LaunchScreen.storyboard */; };
		14E82E8C20456D9E004AA3F8 /* schema.png in Resources */ = {isa = PBXBuildFile; fileRef = 14E82E8B20456D9E004AA3F8 /* schema.png */; };
		14E82E8F20456F8B004AA3F8 /* cervello.png in Resources */ = {isa = PBXBuildFile; fileRef = 14E82E8D20456F8B004AA3F8 /* cervello.png */; };
		14E82E9020456F8B004AA3F8 /* cuore.png in Resources */ = {isa = PBXBuildFile; fileRef = 14E82E8E20456F8B004AA3F8 /* cuore.png */; };
/* End PBXBuildFile section */

/* Begin PBXFileReference section */
		14E82E7420456767004AA3F8 /* Tris.app */ = {isa = PBXFileReference; explicitFileType = wrapper.application; includeInIndex = 0; path = Tris.app; sourceTree = BUILT_PRODUCTS_DIR; };
		14E82E7720456767004AA3F8 /* AppDelegate.swift */ = {isa = PBXFileReference; lastKnownFileType = sourcecode.swift; path = AppDelegate.swift; sourceTree = "<group>"; };
		14E82E7920456767004AA3F8 /* ViewController.swift */ = {isa = PBXFileReference; lastKnownFileType = sourcecode.swift; path = ViewController.swift; sourceTree = "<group>"; };
		14E82E7C20456767004AA3F8 /* Base */ = {isa = PBXFileReference; lastKnownFileType = file.storyboard; name = Base; path = Base.lproj/Main.storyboard; sourceTree = "<group>"; };
		14E82E7E20456767004AA3F8 /* Assets.xcassets */ = {isa = PBXFileReference; lastKnownFileType = folder.assetcatalog; path = Assets.xcassets; sourceTree = "<group>"; };
		14E82E8120456767004AA3F8 /* Base */ = {isa = PBXFileReference; lastKnownFileType = file.storyboard; name = Base; path = Base.lproj/LaunchScreen.storyboard; sourceTree = "<group>"; };
		14E82E8320456767004AA3F8 /* Info.plist */ = {isa = PBXFileReference; lastKnownFileType = text.plist.xml; path = Info.plist; sourceTree = "<group>"; };
		14E82E8B20456D9E004AA3F8 /* schema.png */ = {isa = PBXFileReference; lastKnownFileType = image.png; path = schema.png; sourceTree = "<group>"; };
		14E82E8D20456F8B004AA3F8 /* cervello.png */ = {isa = PBXFileReference; lastKnownFileType = image.png; path = cervello.png; sourceTree = "<group>"; };
		14E82E8E20456F8B004AA3F8 /* cuore.png */ = {isa = PBXFileReference; lastKnownFileType = image.png; path = cuore.png; sourceTree = "<group>"; };
/* End PBXFileReference section */

/* Begin PBXFrameworksBuildPhase section */
		14E82E7120456767004AA3F8 /* Frameworks */ = {
			isa = PBXFrameworksBuildPhase;
			buildActionMask = 2147483647;
			files = (
			);
			runOnlyForDeploymentPostprocessing = 0;
		};
/* End PBXFrameworksBuildPhase section */

/* Begin PBXGroup section */
		14E82E6B20456767004AA3F8 = {
			isa = PBXGroup;
			children = (
				14E82E7620456767004AA3F8 /* Tris */,
				14E82E7520456767004AA3F8 /* Products */,
			);
			sourceTree = "<group>";
		};
		14E82E7520456767004AA3F8 /* Products */ = {
			isa = PBXGroup;
			children = (
				14E82E7420456767004AA3F8 /* Tris.app */,
			);
			name = Products;
			sourceTree = "<group>";
		};
		14E82E7620456767004AA3F8 /* Tris */ = {
			isa = PBXGroup;
			children = (
				14E82E7720456767004AA3F8 /* AppDelegate.swift */,
				14E82E7920456767004AA3F8 /* ViewController.swift */,
				14E82E7B20456767004AA3F8 /* Main.storyboard */,
				14E82E7E20456767004AA3F8 /* Assets.xcassets */,
				14E82E8020456767004AA3F8 /* LaunchScreen.storyboard */,
				14E82E8320456767004AA3F8 /* Info.plist */,
				14E82E8B20456D9E004AA3F8 /* schema.png */,
				14E82E8D20456F8B004AA3F8 /* cervello.png */,
				14E82E8E20456F8B004AA3F8 /* cuore.png */,
			);
			path = Tris;
			sourceTree = "<group>";
		};
/* End PBXGroup section */

/* Begin PBXNativeTarget section */
		14E82E7320456767004AA3F8 /* Tris */ = {
			isa = PBXNativeTarget;
			buildConfigurationList = 14E82E8620456767004AA3F8 /* Build configuration list for PBXNativeTarget "Tris" */;
			buildPhases = (
				14E82E7020456767004AA3F8 /* Sources */,
				14E82E7120456767004AA3F8 /* Frameworks */,
				14E82E7220456767004AA3F8 /* Resources */,
			);
			buildRules = (
			);
			dependencies = (
			);
			name = Tris;
			productName = Tris;
			productReference = 14E82E7420456767004AA3F8 /* Tris.app */;
			productType = "com.apple.product-type.application";
		};
/* End PBXNativeTarget section */

/* Begin PBXProject section */
		14E82E6C20456767004AA3F8 /* Project object */ = {
			isa = PBXProject;
			attributes = {
				LastSwiftUpdateCheck = 0920;
				LastUpgradeCheck = 0920;
				ORGANIZATIONNAME = "Andrea Borgotti";
				TargetAttributes = {
					14E82E7320456767004AA3F8 = {
						CreatedOnToolsVersion = 9.2;
						ProvisioningStyle = Automatic;
					};
				};
			};
			buildConfigurationList = 14E82E6F20456767004AA3F8 /* Build configuration list for PBXProject "Tris" */;
			compatibilityVersion = "Xcode 8.0";
			developmentRegion = en;
			hasScannedForEncodings = 0;
			knownRegions = (
				en,
				Base,
			);
			mainGroup = 14E82E6B20456767004AA3F8;
			productRefGroup = 14E82E7520456767004AA3F8 /* Products */;
			projectDirPath = "";
			projectRoot = "";
			targets = (
				14E82E7320456767004AA3F8 /* Tris */,
			);
		};
/* End PBXProject section */

/* Begin PBXResourcesBuildPhase section */
		14E82E7220456767004AA3F8 /* Resources */ = {
			isa = PBXResourcesBuildPhase;
			buildActionMask = 2147483647;
			files = (
				14E82E9020456F8B004AA3F8 /* cuore.png in Resources */,
				14E82E8220456767004AA3F8 /* LaunchScreen.storyboard in Resources */,
				14E82E7F20456767004AA3F8 /* Assets.xcassets in Resources */,
				14E82E8F20456F8B004AA3F8 /* cervello.png in Resources */,
				14E82E8C20456D9E004AA3F8 /* schema.png in Resources */,
				14E82E7D20456767004AA3F8 /* Main.storyboard in Resources */,
			);
			runOnlyForDeploymentPostprocessing = 0;
		};
/* End PBXResourcesBuildPhase section */

/* Begin PBXSourcesBuildPhase section */
		14E82E7020456767004AA3F8 /* Sources */ = {
			isa = PBXSourcesBuildPhase;
			buildActionMask = 2147483647;
			files = (
				14E82E7A20456767004AA3F8 /* ViewController.swift in Sources */,
				14E82E7820456767004AA3F8 /* AppDelegate.swift in Sources */,
			);
			runOnlyForDeploymentPostprocessing = 0;
		};
/* End PBXSourcesBuildPhase section */

/* Begin PBXVariantGroup section */
		14E82E7B20456767004AA3F8 /* Main.storyboard */ = {
			isa = PBXVariantGroup;
			children = (
				14E82E7C20456767004AA3F8 /* Base */,
			);
			name = Main.storyboard;
			sourceTree = "<group>";
		};
		14E82E8020456767004AA3F8 /* LaunchScreen.storyboard */ = {
			isa = PBXVariantGroup;
			children = (
				14E82E8120456767004AA3F8 /* Base */,
			);
			name = LaunchScreen.storyboard;
			sourceTree = "<group>";
		};
/* End PBXVariantGroup section */

/* Begin XCBuildConfiguration section */
		14E82E8420456767004AA3F8 /* Debug */ = {
			isa = XCBuildConfiguration;
			buildSettings = {
				ALWAYS_SEARCH_USER_PATHS = NO;
				CLANG_ANALYZER_NONNULL = YES;
				CLANG_ANALYZER_NUMBER_OBJECT_CONVERSION = YES_AGGRESSIVE;
				CLANG_CXX_LANGUAGE_STANDARD = "gnu++14";
				CLANG_CXX_LIBRARY = "libc++";
				CLANG_ENABLE_MODULES = YES;
				CLANG_ENABLE_OBJC_ARC = YES;
				CLANG_WARN_BLOCK_CAPTURE_AUTORELEASING = YES;
				CLANG_WARN_BOOL_CONVERSION = YES;
				CLANG_WARN_COMMA = YES;
				CLANG_WARN_CONSTANT_CONVERSION = YES;
				CLANG_WARN_DIRECT_OBJC_ISA_USAGE = YES_ERROR;
				CLANG_WARN_DOCUMENTATION_COMMENTS = YES;
				CLANG_WARN_EMPTY_BODY = YES;
				CLANG_WARN_ENUM_CONVERSION = YES;
				CLANG_WARN_INFINITE_RECURSION = YES;
				CLANG_WARN_INT_CONVERSION = YES;
				CLANG_WARN_NON_LITERAL_NULL_CONVERSION = YES;
				CLANG_WARN_OBJC_LITERAL_CONVERSION = YES;
				CLANG_WARN_OBJC_ROOT_CLASS = YES_ERROR;
				CLANG_WARN_RANGE_LOOP_ANALYSIS = YES;
				CLANG_WARN_STRICT_PROTOTYPES = YES;
				CLANG_WARN_SUSPICIOUS_MOVE = YES;
				CLANG_WARN_UNGUARDED_AVAILABILITY = YES_AGGRESSIVE;
				CLANG_WARN_UNREACHABLE_CODE = YES;
				CLANG_WARN__DUPLICATE_METHOD_MATCH = YES;
				CODE_SIGN_IDENTITY = "iPhone Developer";
				COPY_PHASE_STRIP = NO;
				DEBUG_INFORMATION_FORMAT = dwarf;
				ENABLE_STRICT_OBJC_MSGSEND = YES;
				ENABLE_TESTABILITY = YES;
				GCC_C_LANGUAGE_STANDARD = gnu11;
				GCC_DYNAMIC_NO_PIC = NO;
				GCC_NO_COMMON_BLOCKS = YES;
				GCC_OPTIMIZATION_LEVEL = 0;
				GCC_PREPROCESSOR_DEFINITIONS = (
					"DEBUG=1",
					"$(inherited)",
				);
				GCC_WARN_64_TO_32_BIT_CONVERSION = YES;
				GCC_WARN_ABOUT_RETURN_TYPE = YES_ERROR;
				GCC_WARN_UNDECLARED_SELECTOR = YES;
				GCC_WARN_UNINITIALIZED_AUTOS = YES_AGGRESSIVE;
				GCC_WARN_UNUSED_FUNCTION = YES;
				GCC_WARN_UNUSED_VARIABLE = YES;
				IPHONEOS_DEPLOYMENT_TARGET = 11.2;
				MTL_ENABLE_DEBUG_INFO = YES;
				ONLY_ACTIVE_ARCH = YES;
				SDKROOT = iphoneos;
				SWIFT_ACTIVE_COMPILATION_CONDITIONS = DEBUG;
				SWIFT_OPTIMIZATION_LEVEL = "-Onone";
			};
			name = Debug;
		};
		14E82E8520456767004AA3F8 /* Release */ = {
			isa = XCBuildConfiguration;
			buildSettings = {
				ALWAYS_SEARCH_USER_PATHS = NO;
				CLANG_ANALYZER_NONNULL = YES;
				CLANG_ANALYZER_NUMBER_OBJECT_CONVERSION = YES_AGGRESSIVE;
				CLANG_CXX_LANGUAGE_STANDARD = "gnu++14";
				CLANG_CXX_LIBRARY = "libc++";
				CLANG_ENABLE_MODULES = YES;
				CLANG_ENABLE_OBJC_ARC = YES;
				CLANG_WARN_BLOCK_CAPTURE_AUTORELEASING = YES;
				CLANG_WARN_BOOL_CONVERSION = YES;
				CLANG_WARN_COMMA = YES;
				CLANG_WARN_CONSTANT_CONVERSION = YES;
				CLANG_WARN_DIRECT_OBJC_ISA_USAGE = YES_ERROR;
				CLANG_WARN_DOCUMENTATION_COMMENTS = YES;
				CLANG_WARN_EMPTY_BODY = YES;
				CLANG_WARN_ENUM_CONVERSION = YES;
				CLANG_WARN_INFINITE_RECURSION = YES;
				CLANG_WARN_INT_CONVERSION = YES;
				CLANG_WARN_NON_LITERAL_NULL_CONVERSION = YES;
				CLANG_WARN_OBJC_LITERAL_CONVERSION = YES;
				CLANG_WARN_OBJC_ROOT_CLASS = YES_ERROR;
				CLANG_WARN_RANGE_LOOP_ANALYSIS = YES;
				CLANG_WARN_STRICT_PROTOTYPES = YES;
				CLANG_WARN_SUSPICIOUS_MOVE = YES;
				CLANG_WARN_UNGUARDED_AVAILABILITY = YES_AGGRESSIVE;
				CLANG_WARN_UNREACHABLE_CODE = YES;
				CLANG_WARN__DUPLICATE_METHOD_MATCH = YES;
				CODE_SIGN_IDENTITY = "iPhone Developer";
				COPY_PHASE_STRIP = NO;
				DEBUG_INFORMATION_FORMAT = "dwarf-with-dsym";
				ENABLE_NS_ASSERTIONS = NO;
				ENABLE_STRICT_OBJC_MSGSEND = YES;
				GCC_C_LANGUAGE_STANDARD = gnu11;
				GCC_NO_COMMON_BLOCKS = YES;
				GCC_WARN_64_TO_32_BIT_CONVERSION = YES;
				GCC_WARN_ABOUT_RETURN_TYPE = YES_ERROR;
				GCC_WARN_UNDECLARED_SELECTOR = YES;
				GCC_WARN_UNINITIALIZED_AUTOS = YES_AGGRESSIVE;
				GCC_WARN_UNUSED_FUNCTION = YES;
				GCC_WARN_UNUSED_VARIABLE = YES;
				IPHONEOS_DEPLOYMENT_TARGET = 11.2;
				MTL_ENABLE_DEBUG_INFO = NO;
				SDKROOT = iphoneos;
				SWIFT_OPTIMIZATION_LEVEL = "-Owholemodule";
				VALIDATE_PRODUCT = YES;
			};
			name = Release;
		};
		14E82E8720456767004AA3F8 /* Debug */ = {
			isa = XCBuildConfiguration;
			buildSettings = {
				ASSETCATALOG_COMPILER_APPICON_NAME = AppIcon;
				CODE_SIGN_STYLE = Automatic;
				DEVELOPMENT_TEAM = P2MYXPUY89;
				INFOPLIST_FILE = Tris/Info.plist;
				LD_RUNPATH_SEARCH_PATHS = "$(inherited) @executable_path/Frameworks";
				PRODUCT_BUNDLE_IDENTIFIER = BorgoEnterprise.Tris;
				PRODUCT_NAME = "$(TARGET_NAME)";
				SWIFT_VERSION = 4.0;
				TARGETED_DEVICE_FAMILY = "1,2";
			};
			name = Debug;
		};
		14E82E8820456767004AA3F8 /* Release */ = {
			isa = XCBuildConfiguration;
			buildSettings = {
				ASSETCATALOG_COMPILER_APPICON_NAME = AppIcon;
				CODE_SIGN_STYLE = Automatic;
				DEVELOPMENT_TEAM = P2MYXPUY89;
				INFOPLIST_FILE = Tris/Info.plist;
				LD_RUNPATH_SEARCH_PATHS = "$(inherited) @executable_path/Frameworks";
				PRODUCT_BUNDLE_IDENTIFIER = BorgoEnterprise.Tris;
				PRODUCT_NAME = "$(TARGET_NAME)";
				SWIFT_VERSION = 4.0;
				TARGETED_DEVICE_FAMILY = "1,2";
			};
			name = Release;
		};
/* End XCBuildConfiguration section */

/* Begin XCConfigurationList section */
		14E82E6F20456767004AA3F8 /* Build configuration list for PBXProject "Tris" */ = {
			isa = XCConfigurationList;
			buildConfigurations = (
				14E82E8420456767004AA3F8 /* Debug */,
				14E82E8520456767004AA3F8 /* Release */,
			);
			defaultConfigurationIsVisible = 0;
			defaultConfigurationName = Release;
		};
		14E82E8620456767004AA3F8 /* Build configuration list for PBXNativeTarget "Tris" */ = {
			isa = XCConfigurationList;
			buildConfigurations = (
				14E82E8720456767004AA3F8 /* Debug */,
				14E82E8820456767004AA3F8 /* Release */,
			);
			defaultConfigurationIsVisible = 0;
			defaultConfigurationName = Release;
		};
/* End XCConfigurationList section */
	};
	rootObject = 14E82E6C20456767004AA3F8 /* Project object */;
}
